schema: '2.0'
stages:
  prepare:
    cmd: python src/prepare.py
    deps:
    - path: data/raw
      hash: md5
      md5: 07238e88bd8fb34a1b345a0283740abe.dir
      size: 104038038
      nfiles: 12918
    - path: src/prepare.py
      hash: md5
      md5: 736cde93d725572b4d7fa133274de9ed
      size: 1271
    outs:
    - path: data/prepared/test.csv
      hash: md5
      md5: 9ae9c1aae11a4389866abd51eac88643
      size: 65180
    - path: data/prepared/train.csv
      hash: md5
      md5: 08b4d72767d6c2b34b7aea2ac11e3b3e
      size: 121469
  train:
    cmd: python src/train.py
    deps:
    - path: data/prepared/train.csv
      hash: md5
      md5: 08b4d72767d6c2b34b7aea2ac11e3b3e
      size: 121469
    - path: src/train.py
      hash: md5
      md5: a8543e5be688a7681bafad81bd148ce8
      size: 1420
    outs:
    - path: model/model.joblib
      hash: md5
      md5: 1a73ed3fa106a3730266ce513178504b
      size: 1342745
  evaluate:
    cmd: python src/evaluate.py
    deps:
    - path: model/model.joblib
      hash: md5
      md5: 1a73ed3fa106a3730266ce513178504b
      size: 1342745
    - path: src/evaluate.py
      hash: md5
      md5: 430664f3bf2711114ceb51a434071c7d
      size: 668
    outs:
    - path: metrics/accuracy.json
      hash: md5
      md5: 599a60e6d2d7e9e7826215f2ffb5e3a5
      size: 32
